// !$*UTF8*$!
{
	archiveVersion = 1;
	classes = {
	};
	objectVersion = 56;
	objects = {

/* Begin PBXBuildFile section */
		6B9E9C1A2AD8398D004104F8 /* Note.swift in Sources */ = {isa = PBXBuildFile; fileRef = 6B9E9C192AD8398D004104F8 /* Note.swift */; };
		6BCD96272AD8289100F4BB3E /* AppDelegate.swift in Sources */ = {isa = PBXBuildFile; fileRef = 6BCD96262AD8289100F4BB3E /* AppDelegate.swift */; };
		6BCD96292AD8289100F4BB3E /* SceneDelegate.swift in Sources */ = {isa = PBXBuildFile; fileRef = 6BCD96282AD8289100F4BB3E /* SceneDelegate.swift */; };
		6BCD962B2AD8289100F4BB3E /* NoteDetailViewController.swift in Sources */ = {isa = PBXBuildFile; fileRef = 6BCD962A2AD8289100F4BB3E /* NoteDetailViewController.swift */; };
		6BCD962E2AD8289100F4BB3E /* Main.storyboard in Resources */ = {isa = PBXBuildFile; fileRef = 6BCD962C2AD8289100F4BB3E /* Main.storyboard */; };
		6BCD96312AD8289100F4BB3E /* NotebookCoreData.xcdatamodeld in Sources */ = {isa = PBXBuildFile; fileRef = 6BCD962F2AD8289100F4BB3E /* NotebookCoreData.xcdatamodeld */; };
		6BCD96332AD8289300F4BB3E /* Assets.xcassets in Resources */ = {isa = PBXBuildFile; fileRef = 6BCD96322AD8289300F4BB3E /* Assets.xcassets */; };
		6BCD96362AD8289300F4BB3E /* LaunchScreen.storyboard in Resources */ = {isa = PBXBuildFile; fileRef = 6BCD96342AD8289300F4BB3E /* LaunchScreen.storyboard */; };
		6BCD96412AD8289300F4BB3E /* NotebookCoreDataTests.swift in Sources */ = {isa = PBXBuildFile; fileRef = 6BCD96402AD8289300F4BB3E /* NotebookCoreDataTests.swift */; };
		6BCD964B2AD8289300F4BB3E /* NotebookCoreDataUITests.swift in Sources */ = {isa = PBXBuildFile; fileRef = 6BCD964A2AD8289300F4BB3E /* NotebookCoreDataUITests.swift */; };
		6BCD964D2AD8289300F4BB3E /* NotebookCoreDataUITestsLaunchTests.swift in Sources */ = {isa = PBXBuildFile; fileRef = 6BCD964C2AD8289300F4BB3E /* NotebookCoreDataUITestsLaunchTests.swift */; };
		6BCD965A2AD82CE500F4BB3E /* NoteTableView.swift in Sources */ = {isa = PBXBuildFile; fileRef = 6BCD96592AD82CE500F4BB3E /* NoteTableView.swift */; };
		6BCD965C2AD82CF000F4BB3E /* NoteCell.swift in Sources */ = {isa = PBXBuildFile; fileRef = 6BCD965B2AD82CF000F4BB3E /* NoteCell.swift */; };
/* End PBXBuildFile section */

/* Begin PBXContainerItemProxy section */
		6BCD963D2AD8289300F4BB3E /* PBXContainerItemProxy */ = {
			isa = PBXContainerItemProxy;
			containerPortal = 6BCD961B2AD8289100F4BB3E /* Project object */;
			proxyType = 1;
			remoteGlobalIDString = 6BCD96222AD8289100F4BB3E;
			remoteInfo = NotebookCoreData;
		};
		6BCD96472AD8289300F4BB3E /* PBXContainerItemProxy */ = {
			isa = PBXContainerItemProxy;
			containerPortal = 6BCD961B2AD8289100F4BB3E /* Project object */;
			proxyType = 1;
			remoteGlobalIDString = 6BCD96222AD8289100F4BB3E;
			remoteInfo = NotebookCoreData;
		};
/* End PBXContainerItemProxy section */

/* Begin PBXFileReference section */
		6B9E9C192AD8398D004104F8 /* Note.swift */ = {isa = PBXFileReference; lastKnownFileType = sourcecode.swift; path = Note.swift; sourceTree = "<group>"; };
		6BCD96232AD8289100F4BB3E /* NotebookCoreData.app */ = {isa = PBXFileReference; explicitFileType = wrapper.application; includeInIndex = 0; path = NotebookCoreData.app; sourceTree = BUILT_PRODUCTS_DIR; };
		6BCD96262AD8289100F4BB3E /* AppDelegate.swift */ = {isa = PBXFileReference; lastKnownFileType = sourcecode.swift; path = AppDelegate.swift; sourceTree = "<group>"; };
		6BCD96282AD8289100F4BB3E /* SceneDelegate.swift */ = {isa = PBXFileReference; lastKnownFileType = sourcecode.swift; path = SceneDelegate.swift; sourceTree = "<group>"; };
		6BCD962A2AD8289100F4BB3E /* NoteDetailViewController.swift */ = {isa = PBXFileReference; lastKnownFileType = sourcecode.swift; path = NoteDetailViewController.swift; sourceTree = "<group>"; };
		6BCD962D2AD8289100F4BB3E /* Base */ = {isa = PBXFileReference; lastKnownFileType = file.storyboard; name = Base; path = Base.lproj/Main.storyboard; sourceTree = "<group>"; };
		6BCD96302AD8289100F4BB3E /* NotebookCoreData.xcdatamodel */ = {isa = PBXFileReference; lastKnownFileType = wrapper.xcdatamodel; path = NotebookCoreData.xcdatamodel; sourceTree = "<group>"; };
		6BCD96322AD8289300F4BB3E /* Assets.xcassets */ = {isa = PBXFileReference; lastKnownFileType = folder.assetcatalog; path = Assets.xcassets; sourceTree = "<group>"; };
		6BCD96352AD8289300F4BB3E /* Base */ = {isa = PBXFileReference; lastKnownFileType = file.storyboard; name = Base; path = Base.lproj/LaunchScreen.storyboard; sourceTree = "<group>"; };
		6BCD96372AD8289300F4BB3E /* Info.plist */ = {isa = PBXFileReference; lastKnownFileType = text.plist.xml; path = Info.plist; sourceTree = "<group>"; };
		6BCD963C2AD8289300F4BB3E /* NotebookCoreDataTests.xctest */ = {isa = PBXFileReference; explicitFileType = wrapper.cfbundle; includeInIndex = 0; path = NotebookCoreDataTests.xctest; sourceTree = BUILT_PRODUCTS_DIR; };
		6BCD96402AD8289300F4BB3E /* NotebookCoreDataTests.swift */ = {isa = PBXFileReference; lastKnownFileType = sourcecode.swift; path = NotebookCoreDataTests.swift; sourceTree = "<group>"; };
		6BCD96462AD8289300F4BB3E /* NotebookCoreDataUITests.xctest */ = {isa = PBXFileReference; explicitFileType = wrapper.cfbundle; includeInIndex = 0; path = NotebookCoreDataUITests.xctest; sourceTree = BUILT_PRODUCTS_DIR; };
		6BCD964A2AD8289300F4BB3E /* NotebookCoreDataUITests.swift */ = {isa = PBXFileReference; lastKnownFileType = sourcecode.swift; path = NotebookCoreDataUITests.swift; sourceTree = "<group>"; };
		6BCD964C2AD8289300F4BB3E /* NotebookCoreDataUITestsLaunchTests.swift */ = {isa = PBXFileReference; lastKnownFileType = sourcecode.swift; path = NotebookCoreDataUITestsLaunchTests.swift; sourceTree = "<group>"; };
		6BCD96592AD82CE500F4BB3E /* NoteTableView.swift */ = {isa = PBXFileReference; lastKnownFileType = sourcecode.swift; path = NoteTableView.swift; sourceTree = "<group>"; };
		6BCD965B2AD82CF000F4BB3E /* NoteCell.swift */ = {isa = PBXFileReference; lastKnownFileType = sourcecode.swift; path = NoteCell.swift; sourceTree = "<group>"; };
/* End PBXFileReference section */

/* Begin PBXFrameworksBuildPhase section */
		6BCD96202AD8289100F4BB3E /* Frameworks */ = {
			isa = PBXFrameworksBuildPhase;
			buildActionMask = 2147483647;
			files = (
			);
			runOnlyForDeploymentPostprocessing = 0;
		};
		6BCD96392AD8289300F4BB3E /* Frameworks */ = {
			isa = PBXFrameworksBuildPhase;
			buildActionMask = 2147483647;
			files = (
			);
			runOnlyForDeploymentPostprocessing = 0;
		};
		6BCD96432AD8289300F4BB3E /* Frameworks */ = {
			isa = PBXFrameworksBuildPhase;
			buildActionMask = 2147483647;
			files = (
			);
			runOnlyForDeploymentPostprocessing = 0;
		};
/* End PBXFrameworksBuildPhase section */

/* Begin PBXGroup section */
		6BCD961A2AD8289100F4BB3E = {
			isa = PBXGroup;
			children = (
				6BCD96252AD8289100F4BB3E /* NotebookCoreData */,
				6BCD963F2AD8289300F4BB3E /* NotebookCoreDataTests */,
				6BCD96492AD8289300F4BB3E /* NotebookCoreDataUITests */,
				6BCD96242AD8289100F4BB3E /* Products */,
			);
			sourceTree = "<group>";
		};
		6BCD96242AD8289100F4BB3E /* Products */ = {
			isa = PBXGroup;
			children = (
				6BCD96232AD8289100F4BB3E /* NotebookCoreData.app */,
				6BCD963C2AD8289300F4BB3E /* NotebookCoreDataTests.xctest */,
				6BCD96462AD8289300F4BB3E /* NotebookCoreDataUITests.xctest */,
			);
			name = Products;
			sourceTree = "<group>";
		};
		6BCD96252AD8289100F4BB3E /* NotebookCoreData */ = {
			isa = PBXGroup;
			children = (
				6BCD96262AD8289100F4BB3E /* AppDelegate.swift */,
				6BCD96282AD8289100F4BB3E /* SceneDelegate.swift */,
				6BCD96592AD82CE500F4BB3E /* NoteTableView.swift */,
				6BCD962A2AD8289100F4BB3E /* NoteDetailViewController.swift */,
				6BCD965B2AD82CF000F4BB3E /* NoteCell.swift */,
				6B9E9C192AD8398D004104F8 /* Note.swift */,
				6BCD962C2AD8289100F4BB3E /* Main.storyboard */,
				6BCD96322AD8289300F4BB3E /* Assets.xcassets */,
				6BCD96342AD8289300F4BB3E /* LaunchScreen.storyboard */,
				6BCD96372AD8289300F4BB3E /* Info.plist */,
				6BCD962F2AD8289100F4BB3E /* NotebookCoreData.xcdatamodeld */,
			);
			path = NotebookCoreData;
			sourceTree = "<group>";
		};
		6BCD963F2AD8289300F4BB3E /* NotebookCoreDataTests */ = {
			isa = PBXGroup;
			children = (
				6BCD96402AD8289300F4BB3E /* NotebookCoreDataTests.swift */,
			);
			path = NotebookCoreDataTests;
			sourceTree = "<group>";
		};
		6BCD96492AD8289300F4BB3E /* NotebookCoreDataUITests */ = {
			isa = PBXGroup;
			children = (
				6BCD964A2AD8289300F4BB3E /* NotebookCoreDataUITests.swift */,
				6BCD964C2AD8289300F4BB3E /* NotebookCoreDataUITestsLaunchTests.swift */,
			);
			path = NotebookCoreDataUITests;
			sourceTree = "<group>";
		};
/* End PBXGroup section */

/* Begin PBXNativeTarget section */
		6BCD96222AD8289100F4BB3E /* NotebookCoreData */ = {
			isa = PBXNativeTarget;
			buildConfigurationList = 6BCD96502AD8289300F4BB3E /* Build configuration list for PBXNativeTarget "NotebookCoreData" */;
			buildPhases = (
				6BCD961F2AD8289100F4BB3E /* Sources */,
				6BCD96202AD8289100F4BB3E /* Frameworks */,
				6BCD96212AD8289100F4BB3E /* Resources */,
			);
			buildRules = (
			);
			dependencies = (
			);
			name = NotebookCoreData;
			productName = NotebookCoreData;
			productReference = 6BCD96232AD8289100F4BB3E /* NotebookCoreData.app */;
			productType = "com.apple.product-type.application";
		};
		6BCD963B2AD8289300F4BB3E /* NotebookCoreDataTests */ = {
			isa = PBXNativeTarget;
			buildConfigurationList = 6BCD96532AD8289300F4BB3E /* Build configuration list for PBXNativeTarget "NotebookCoreDataTests" */;
			buildPhases = (
				6BCD96382AD8289300F4BB3E /* Sources */,
				6BCD96392AD8289300F4BB3E /* Frameworks */,
				6BCD963A2AD8289300F4BB3E /* Resources */,
			);
			buildRules = (
			);
			dependencies = (
				6BCD963E2AD8289300F4BB3E /* PBXTargetDependency */,
			);
			name = NotebookCoreDataTests;
			productName = NotebookCoreDataTests;
			productReference = 6BCD963C2AD8289300F4BB3E /* NotebookCoreDataTests.xctest */;
			productType = "com.apple.product-type.bundle.unit-test";
		};
		6BCD96452AD8289300F4BB3E /* NotebookCoreDataUITests */ = {
			isa = PBXNativeTarget;
			buildConfigurationList = 6BCD96562AD8289300F4BB3E /* Build configuration list for PBXNativeTarget "NotebookCoreDataUITests" */;
			buildPhases = (
				6BCD96422AD8289300F4BB3E /* Sources */,
				6BCD96432AD8289300F4BB3E /* Frameworks */,
				6BCD96442AD8289300F4BB3E /* Resources */,
			);
			buildRules = (
			);
			dependencies = (
				6BCD96482AD8289300F4BB3E /* PBXTargetDependency */,
			);
			name = NotebookCoreDataUITests;
			productName = NotebookCoreDataUITests;
			productReference = 6BCD96462AD8289300F4BB3E /* NotebookCoreDataUITests.xctest */;
			productType = "com.apple.product-type.bundle.ui-testing";
		};
/* End PBXNativeTarget section */

/* Begin PBXProject section */
		6BCD961B2AD8289100F4BB3E /* Project object */ = {
			isa = PBXProject;
			attributes = {
				BuildIndependentTargetsInParallel = 1;
				LastSwiftUpdateCheck = 1430;
				LastUpgradeCheck = 1430;
				TargetAttributes = {
					6BCD96222AD8289100F4BB3E = {
						CreatedOnToolsVersion = 14.3.1;
					};
					6BCD963B2AD8289300F4BB3E = {
						CreatedOnToolsVersion = 14.3.1;
						TestTargetID = 6BCD96222AD8289100F4BB3E;
					};
					6BCD96452AD8289300F4BB3E = {
						CreatedOnToolsVersion = 14.3.1;
						TestTargetID = 6BCD96222AD8289100F4BB3E;
					};
				};
			};
			buildConfigurationList = 6BCD961E2AD8289100F4BB3E /* Build configuration list for PBXProject "NotebookCoreData" */;
			compatibilityVersion = "Xcode 14.0";
			developmentRegion = en;
			hasScannedForEncodings = 0;
			knownRegions = (
				en,
				Base,
			);
			mainGroup = 6BCD961A2AD8289100F4BB3E;
			productRefGroup = 6BCD96242AD8289100F4BB3E /* Products */;
			projectDirPath = "";
			projectRoot = "";
			targets = (
				6BCD96222AD8289100F4BB3E /* NotebookCoreData */,
				6BCD963B2AD8289300F4BB3E /* NotebookCoreDataTests */,
				6BCD96452AD8289300F4BB3E /* NotebookCoreDataUITests */,
			);
		};
/* End PBXProject section */

/* Begin PBXResourcesBuildPhase section */
		6BCD96212AD8289100F4BB3E /* Resources */ = {
			isa = PBXResourcesBuildPhase;
			buildActionMask = 2147483647;
			files = (
				6BCD96362AD8289300F4BB3E /* LaunchScreen.storyboard in Resources */,
				6BCD96332AD8289300F4BB3E /* Assets.xcassets in Resources */,
				6BCD962E2AD8289100F4BB3E /* Main.storyboard in Resources */,
			);
			runOnlyForDeploymentPostprocessing = 0;
		};
		6BCD963A2AD8289300F4BB3E /* Resources */ = {
			isa = PBXResourcesBuildPhase;
			buildActionMask = 2147483647;
			files = (
			);
			runOnlyForDeploymentPostprocessing = 0;
		};
		6BCD96442AD8289300F4BB3E /* Resources */ = {
			isa = PBXResourcesBuildPhase;
			buildActionMask = 2147483647;
			files = (
			);
			runOnlyForDeploymentPostprocessing = 0;
		};
/* End PBXResourcesBuildPhase section */

/* Begin PBXSourcesBuildPhase section */
		6BCD961F2AD8289100F4BB3E /* Sources */ = {
			isa = PBXSourcesBuildPhase;
			buildActionMask = 2147483647;
			files = (
				6BCD962B2AD8289100F4BB3E /* NoteDetailViewController.swift in Sources */,
				6BCD96312AD8289100F4BB3E /* NotebookCoreData.xcdatamodeld in Sources */,
				6B9E9C1A2AD8398D004104F8 /* Note.swift in Sources */,
				6BCD96272AD8289100F4BB3E /* AppDelegate.swift in Sources */,
				6BCD965C2AD82CF000F4BB3E /* NoteCell.swift in Sources */,
				6BCD965A2AD82CE500F4BB3E /* NoteTableView.swift in Sources */,
				6BCD96292AD8289100F4BB3E /* SceneDelegate.swift in Sources */,
			);
			runOnlyForDeploymentPostprocessing = 0;
		};
		6BCD96382AD8289300F4BB3E /* Sources */ = {
			isa = PBXSourcesBuildPhase;
			buildActionMask = 2147483647;
			files = (
				6BCD96412AD8289300F4BB3E /* NotebookCoreDataTests.swift in Sources */,
			);
			runOnlyForDeploymentPostprocessing = 0;
		};
		6BCD96422AD8289300F4BB3E /* Sources */ = {
			isa = PBXSourcesBuildPhase;
			buildActionMask = 2147483647;
			files = (
				6BCD964D2AD8289300F4BB3E /* NotebookCoreDataUITestsLaunchTests.swift in Sources */,
				6BCD964B2AD8289300F4BB3E /* NotebookCoreDataUITests.swift in Sources */,
			);
			runOnlyForDeploymentPostprocessing = 0;
		};
/* End PBXSourcesBuildPhase section */

/* Begin PBXTargetDependency section */
		6BCD963E2AD8289300F4BB3E /* PBXTargetDependency */ = {
			isa = PBXTargetDependency;
			target = 6BCD96222AD8289100F4BB3E /* NotebookCoreData */;
			targetProxy = 6BCD963D2AD8289300F4BB3E /* PBXContainerItemProxy */;
		};
		6BCD96482AD8289300F4BB3E /* PBXTargetDependency */ = {
			isa = PBXTargetDependency;
			target = 6BCD96222AD8289100F4BB3E /* NotebookCoreData */;
			targetProxy = 6BCD96472AD8289300F4BB3E /* PBXContainerItemProxy */;
		};
/* End PBXTargetDependency section */

/* Begin PBXVariantGroup section */
		6BCD962C2AD8289100F4BB3E /* Main.storyboard */ = {
			isa = PBXVariantGroup;
			children = (
				6BCD962D2AD8289100F4BB3E /* Base */,
			);
			name = Main.storyboard;
			sourceTree = "<group>";
		};
		6BCD96342AD8289300F4BB3E /* LaunchScreen.storyboard */ = {
			isa = PBXVariantGroup;
			children = (
				6BCD96352AD8289300F4BB3E /* Base */,
			);
			name = LaunchScreen.storyboard;
			sourceTree = "<group>";
		};
/* End PBXVariantGroup section */

/* Begin XCBuildConfiguration section */
		6BCD964E2AD8289300F4BB3E /* Debug */ = {
			isa = XCBuildConfiguration;
			buildSettings = {
				ALWAYS_SEARCH_USER_PATHS = NO;
				CLANG_ANALYZER_NONNULL = YES;
				CLANG_ANALYZER_NUMBER_OBJECT_CONVERSION = YES_AGGRESSIVE;
				CLANG_CXX_LANGUAGE_STANDARD = "gnu++20";
				CLANG_ENABLE_MODULES = YES;
				CLANG_ENABLE_OBJC_ARC = YES;
				CLANG_ENABLE_OBJC_WEAK = YES;
				CLANG_WARN_BLOCK_CAPTURE_AUTORELEASING = YES;
				CLANG_WARN_BOOL_CONVERSION = YES;
				CLANG_WARN_COMMA = YES;
				CLANG_WARN_CONSTANT_CONVERSION = YES;
				CLANG_WARN_DEPRECATED_OBJC_IMPLEMENTATIONS = YES;
				CLANG_WARN_DIRECT_OBJC_ISA_USAGE = YES_ERROR;
				CLANG_WARN_DOCUMENTATION_COMMENTS = YES;
				CLANG_WARN_EMPTY_BODY = YES;
				CLANG_WARN_ENUM_CONVERSION = YES;
				CLANG_WARN_INFINITE_RECURSION = YES;
				CLANG_WARN_INT_CONVERSION = YES;
				CLANG_WARN_NON_LITERAL_NULL_CONVERSION = YES;
				CLANG_WARN_OBJC_IMPLICIT_RETAIN_SELF = YES;
				CLANG_WARN_OBJC_LITERAL_CONVERSION = YES;
				CLANG_WARN_OBJC_ROOT_CLASS = YES_ERROR;
				CLANG_WARN_QUOTED_INCLUDE_IN_FRAMEWORK_HEADER = YES;
				CLANG_WARN_RANGE_LOOP_ANALYSIS = YES;
				CLANG_WARN_STRICT_PROTOTYPES = YES;
				CLANG_WARN_SUSPICIOUS_MOVE = YES;
				CLANG_WARN_UNGUARDED_AVAILABILITY = YES_AGGRESSIVE;
				CLANG_WARN_UNREACHABLE_CODE = YES;
				CLANG_WARN__DUPLICATE_METHOD_MATCH = YES;
				COPY_PHASE_STRIP = NO;
				DEBUG_INFORMATION_FORMAT = dwarf;
				ENABLE_STRICT_OBJC_MSGSEND = YES;
				ENABLE_TESTABILITY = YES;
				GCC_C_LANGUAGE_STANDARD = gnu11;
				GCC_DYNAMIC_NO_PIC = NO;
				GCC_NO_COMMON_BLOCKS = YES;
				GCC_OPTIMIZATION_LEVEL = 0;
				GCC_PREPROCESSOR_DEFINITIONS = (
					"DEBUG=1",
					"$(inherited)",
				);
				GCC_WARN_64_TO_32_BIT_CONVERSION = YES;
				GCC_WARN_ABOUT_RETURN_TYPE = YES_ERROR;
				GCC_WARN_UNDECLARED_SELECTOR = YES;
				GCC_WARN_UNINITIALIZED_AUTOS = YES_AGGRESSIVE;
				GCC_WARN_UNUSED_FUNCTION = YES;
				GCC_WARN_UNUSED_VARIABLE = YES;
				IPHONEOS_DEPLOYMENT_TARGET = 16.4;
				MTL_ENABLE_DEBUG_INFO = INCLUDE_SOURCE;
				MTL_FAST_MATH = YES;
				ONLY_ACTIVE_ARCH = YES;
				SDKROOT = iphoneos;
				SWIFT_ACTIVE_COMPILATION_CONDITIONS = DEBUG;
				SWIFT_OPTIMIZATION_LEVEL = "-Onone";
			};
			name = Debug;
		};
		6BCD964F2AD8289300F4BB3E /* Release */ = {
			isa = XCBuildConfiguration;
			buildSettings = {
				ALWAYS_SEARCH_USER_PATHS = NO;
				CLANG_ANALYZER_NONNULL = YES;
				CLANG_ANALYZER_NUMBER_OBJECT_CONVERSION = YES_AGGRESSIVE;
				CLANG_CXX_LANGUAGE_STANDARD = "gnu++20";
				CLANG_ENABLE_MODULES = YES;
				CLANG_ENABLE_OBJC_ARC = YES;
				CLANG_ENABLE_OBJC_WEAK = YES;
				CLANG_WARN_BLOCK_CAPTURE_AUTORELEASING = YES;
				CLANG_WARN_BOOL_CONVERSION = YES;
				CLANG_WARN_COMMA = YES;
				CLANG_WARN_CONSTANT_CONVERSION = YES;
				CLANG_WARN_DEPRECATED_OBJC_IMPLEMENTATIONS = YES;
				CLANG_WARN_DIRECT_OBJC_ISA_USAGE = YES_ERROR;
				CLANG_WARN_DOCUMENTATION_COMMENTS = YES;
				CLANG_WARN_EMPTY_BODY = YES;
				CLANG_WARN_ENUM_CONVERSION = YES;
				CLANG_WARN_INFINITE_RECURSION = YES;
				CLANG_WARN_INT_CONVERSION = YES;
				CLANG_WARN_NON_LITERAL_NULL_CONVERSION = YES;
				CLANG_WARN_OBJC_IMPLICIT_RETAIN_SELF = YES;
				CLANG_WARN_OBJC_LITERAL_CONVERSION = YES;
				CLANG_WARN_OBJC_ROOT_CLASS = YES_ERROR;
				CLANG_WARN_QUOTED_INCLUDE_IN_FRAMEWORK_HEADER = YES;
				CLANG_WARN_RANGE_LOOP_ANALYSIS = YES;
				CLANG_WARN_STRICT_PROTOTYPES = YES;
				CLANG_WARN_SUSPICIOUS_MOVE = YES;
				CLANG_WARN_UNGUARDED_AVAILABILITY = YES_AGGRESSIVE;
				CLANG_WARN_UNREACHABLE_CODE = YES;
				CLANG_WARN__DUPLICATE_METHOD_MATCH = YES;
				COPY_PHASE_STRIP = NO;
				DEBUG_INFORMATION_FORMAT = "dwarf-with-dsym";
				ENABLE_NS_ASSERTIONS = NO;
				ENABLE_STRICT_OBJC_MSGSEND = YES;
				GCC_C_LANGUAGE_STANDARD = gnu11;
				GCC_NO_COMMON_BLOCKS = YES;
				GCC_WARN_64_TO_32_BIT_CONVERSION = YES;
				GCC_WARN_ABOUT_RETURN_TYPE = YES_ERROR;
				GCC_WARN_UNDECLARED_SELECTOR = YES;
				GCC_WARN_UNINITIALIZED_AUTOS = YES_AGGRESSIVE;
				GCC_WARN_UNUSED_FUNCTION = YES;
				GCC_WARN_UNUSED_VARIABLE = YES;
				IPHONEOS_DEPLOYMENT_TARGET = 16.4;
				MTL_ENABLE_DEBUG_INFO = NO;
				MTL_FAST_MATH = YES;
				SDKROOT = iphoneos;
				SWIFT_COMPILATION_MODE = wholemodule;
				SWIFT_OPTIMIZATION_LEVEL = "-O";
				VALIDATE_PRODUCT = YES;
			};
			name = Release;
		};
		6BCD96512AD8289300F4BB3E /* Debug */ = {
			isa = XCBuildConfiguration;
			buildSettings = {
				ASSETCATALOG_COMPILER_APPICON_NAME = AppIcon;
				ASSETCATALOG_COMPILER_GLOBAL_ACCENT_COLOR_NAME = AccentColor;
				CODE_SIGN_STYLE = Automatic;
				CURRENT_PROJECT_VERSION = 1;
				DEVELOPMENT_TEAM = RQQ325J47J;
				GENERATE_INFOPLIST_FILE = YES;
				INFOPLIST_FILE = NotebookCoreData/Info.plist;
				INFOPLIST_KEY_UIApplicationSupportsIndirectInputEvents = YES;
				INFOPLIST_KEY_UILaunchStoryboardName = LaunchScreen;
				INFOPLIST_KEY_UIMainStoryboardFile = Main;
				INFOPLIST_KEY_UISupportedInterfaceOrientations_iPad = "UIInterfaceOrientationPortrait UIInterfaceOrientationPortraitUpsideDown UIInterfaceOrientationLandscapeLeft UIInterfaceOrientationLandscapeRight";
				INFOPLIST_KEY_UISupportedInterfaceOrientations_iPhone = "UIInterfaceOrientationPortrait UIInterfaceOrientationLandscapeLeft UIInterfaceOrientationLandscapeRight";
				LD_RUNPATH_SEARCH_PATHS = (
					"$(inherited)",
					"@executable_path/Frameworks",
				);
				MARKETING_VERSION = 1.0;
				PRODUCT_BUNDLE_IDENTIFIER = com.mommosadeghi.NotebookCoreData;
				PRODUCT_NAME = "$(TARGET_NAME)";
				SWIFT_EMIT_LOC_STRINGS = YES;
				SWIFT_VERSION = 5.0;
				TARGETED_DEVICE_FAMILY = "1,2";
			};
			name = Debug;
		};
		6BCD96522AD8289300F4BB3E /* Release */ = {
			isa = XCBuildConfiguration;
			buildSettings = {
				ASSETCATALOG_COMPILER_APPICON_NAME = AppIcon;
				ASSETCATALOG_COMPILER_GLOBAL_ACCENT_COLOR_NAME = AccentColor;
				CODE_SIGN_STYLE = Automatic;
				CURRENT_PROJECT_VERSION = 1;
				DEVELOPMENT_TEAM = RQQ325J47J;
				GENERATE_INFOPLIST_FILE = YES;
				INFOPLIST_FILE = NotebookCoreData/Info.plist;
				INFOPLIST_KEY_UIApplicationSupportsIndirectInputEvents = YES;
				INFOPLIST_KEY_UILaunchStoryboardName = LaunchScreen;
				INFOPLIST_KEY_UIMainStoryboardFile = Main;
				INFOPLIST_KEY_UISupportedInterfaceOrientations_iPad = "UIInterfaceOrientationPortrait UIInterfaceOrientationPortraitUpsideDown UIInterfaceOrientationLandscapeLeft UIInterfaceOrientationLandscapeRight";
				INFOPLIST_KEY_UISupportedInterfaceOrientations_iPhone = "UIInterfaceOrientationPortrait UIInterfaceOrientationLandscapeLeft UIInterfaceOrientationLandscapeRight";
				LD_RUNPATH_SEARCH_PATHS = (
					"$(inherited)",
					"@executable_path/Frameworks",
				);
				MARKETING_VERSION = 1.0;
				PRODUCT_BUNDLE_IDENTIFIER = com.mommosadeghi.NotebookCoreData;
				PRODUCT_NAME = "$(TARGET_NAME)";
				SWIFT_EMIT_LOC_STRINGS = YES;
				SWIFT_VERSION = 5.0;
				TARGETED_DEVICE_FAMILY = "1,2";
			};
			name = Release;
		};
		6BCD96542AD8289300F4BB3E /* Debug */ = {
			isa = XCBuildConfiguration;
			buildSettings = {
				ALWAYS_EMBED_SWIFT_STANDARD_LIBRARIES = YES;
				BUNDLE_LOADER = "$(TEST_HOST)";
				CODE_SIGN_STYLE = Automatic;
				CURRENT_PROJECT_VERSION = 1;
				DEVELOPMENT_TEAM = RQQ325J47J;
				GENERATE_INFOPLIST_FILE = YES;
				IPHONEOS_DEPLOYMENT_TARGET = 16.4;
				MARKETING_VERSION = 1.0;
				PRODUCT_BUNDLE_IDENTIFIER = com.mommosadeghi.NotebookCoreDataTests;
				PRODUCT_NAME = "$(TARGET_NAME)";
				SWIFT_EMIT_LOC_STRINGS = NO;
				SWIFT_VERSION = 5.0;
				TARGETED_DEVICE_FAMILY = "1,2";
				TEST_HOST = "$(BUILT_PRODUCTS_DIR)/NotebookCoreData.app/$(BUNDLE_EXECUTABLE_FOLDER_PATH)/NotebookCoreData";
			};
			name = Debug;
		};
		6BCD96552AD8289300F4BB3E /* Release */ = {
			isa = XCBuildConfiguration;
			buildSettings = {
				ALWAYS_EMBED_SWIFT_STANDARD_LIBRARIES = YES;
				BUNDLE_LOADER = "$(TEST_HOST)";
				CODE_SIGN_STYLE = Automatic;
				CURRENT_PROJECT_VERSION = 1;
				DEVELOPMENT_TEAM = RQQ325J47J;
				GENERATE_INFOPLIST_FILE = YES;
				IPHONEOS_DEPLOYMENT_TARGET = 16.4;
				MARKETING_VERSION = 1.0;
				PRODUCT_BUNDLE_IDENTIFIER = com.mommosadeghi.NotebookCoreDataTests;
				PRODUCT_NAME = "$(TARGET_NAME)";
				SWIFT_EMIT_LOC_STRINGS = NO;
				SWIFT_VERSION = 5.0;
				TARGETED_DEVICE_FAMILY = "1,2";
				TEST_HOST = "$(BUILT_PRODUCTS_DIR)/NotebookCoreData.app/$(BUNDLE_EXECUTABLE_FOLDER_PATH)/NotebookCoreData";
			};
			name = Release;
		};
		6BCD96572AD8289300F4BB3E /* Debug */ = {
			isa = XCBuildConfiguration;
			buildSettings = {
				ALWAYS_EMBED_SWIFT_STANDARD_LIBRARIES = YES;
				CODE_SIGN_STYLE = Automatic;
				CURRENT_PROJECT_VERSION = 1;
				DEVELOPMENT_TEAM = RQQ325J47J;
				GENERATE_INFOPLIST_FILE = YES;
				MARKETING_VERSION = 1.0;
				PRODUCT_BUNDLE_IDENTIFIER = com.mommosadeghi.NotebookCoreDataUITests;
				PRODUCT_NAME = "$(TARGET_NAME)";
				SWIFT_EMIT_LOC_STRINGS = NO;
				SWIFT_VERSION = 5.0;
				TARGETED_DEVICE_FAMILY = "1,2";
				TEST_TARGET_NAME = NotebookCoreData;
			};
			name = Debug;
		};
		6BCD96582AD8289300F4BB3E /* Release */ = {
			isa = XCBuildConfiguration;
			buildSettings = {
				ALWAYS_EMBED_SWIFT_STANDARD_LIBRARIES = YES;
				CODE_SIGN_STYLE = Automatic;
				CURRENT_PROJECT_VERSION = 1;
				DEVELOPMENT_TEAM = RQQ325J47J;
				GENERATE_INFOPLIST_FILE = YES;
				MARKETING_VERSION = 1.0;
				PRODUCT_BUNDLE_IDENTIFIER = com.mommosadeghi.NotebookCoreDataUITests;
				PRODUCT_NAME = "$(TARGET_NAME)";
				SWIFT_EMIT_LOC_STRINGS = NO;
				SWIFT_VERSION = 5.0;
				TARGETED_DEVICE_FAMILY = "1,2";
				TEST_TARGET_NAME = NotebookCoreData;
			};
			name = Release;
		};
/* End XCBuildConfiguration section */

/* Begin XCConfigurationList section */
		6BCD961E2AD8289100F4BB3E /* Build configuration list for PBXProject "NotebookCoreData" */ = {
			isa = XCConfigurationList;
			buildConfigurations = (
				6BCD964E2AD8289300F4BB3E /* Debug */,
				6BCD964F2AD8289300F4BB3E /* Release */,
			);
			defaultConfigurationIsVisible = 0;
			defaultConfigurationName = Release;
		};
		6BCD96502AD8289300F4BB3E /* Build configuration list for PBXNativeTarget "NotebookCoreData" */ = {
			isa = XCConfigurationList;
			buildConfigurations = (
				6BCD96512AD8289300F4BB3E /* Debug */,
				6BCD96522AD8289300F4BB3E /* Release */,
			);
			defaultConfigurationIsVisible = 0;
			defaultConfigurationName = Release;
		};
		6BCD96532AD8289300F4BB3E /* Build configuration list for PBXNativeTarget "NotebookCoreDataTests" */ = {
			isa = XCConfigurationList;
			buildConfigurations = (
				6BCD96542AD8289300F4BB3E /* Debug */,
				6BCD96552AD8289300F4BB3E /* Release */,
			);
			defaultConfigurationIsVisible = 0;
			defaultConfigurationName = Release;
		};
		6BCD96562AD8289300F4BB3E /* Build configuration list for PBXNativeTarget "NotebookCoreDataUITests" */ = {
			isa = XCConfigurationList;
			buildConfigurations = (
				6BCD96572AD8289300F4BB3E /* Debug */,
				6BCD96582AD8289300F4BB3E /* Release */,
			);
			defaultConfigurationIsVisible = 0;
			defaultConfigurationName = Release;
		};
/* End XCConfigurationList section */

/* Begin XCVersionGroup section */
		6BCD962F2AD8289100F4BB3E /* NotebookCoreData.xcdatamodeld */ = {
			isa = XCVersionGroup;
			children = (
				6BCD96302AD8289100F4BB3E /* NotebookCoreData.xcdatamodel */,
			);
			currentVersion = 6BCD96302AD8289100F4BB3E /* NotebookCoreData.xcdatamodel */;
			path = NotebookCoreData.xcdatamodeld;
			sourceTree = "<group>";
			versionGroupType = wrapper.xcdatamodel;
		};
/* End XCVersionGroup section */
	};
	rootObject = 6BCD961B2AD8289100F4BB3E /* Project object */;
}
